{
  "name": "tiny-bigas",
  "version": "1.2.0",
  "lockfileVersion": 2,
  "requires": true,
  "packages": {
    "": {
      "name": "tiny-bigas",
      "version": "1.2.0",
      "license": "ISC",
      "dependencies": {
        "tiny-bigas": "^1.0.0"
      }
    },
    "node_modules/tiny-bigas": {
      "version": "1.0.0",
      "resolved": "https://registry.npmjs.org/tiny-bigas/-/tiny-bigas-1.0.0.tgz",
      "integrity": "sha512-hq9SXYY5ZdOD294zZ7kdHKIUne81+tzXEy/EpM5CScvwN1Jg3PRUJ6VTSlMk8NHTJ0OS09n+qPFLdnqwdpNxyw=="
    }
  },
  "dependencies": {
    "tiny-bigas": {
      "version": "1.0.0",
      "resolved": "https://registry.npmjs.org/tiny-bigas/-/tiny-bigas-1.0.0.tgz",
      "integrity": "sha512-hq9SXYY5ZdOD294zZ7kdHKIUne81+tzXEy/EpM5CScvwN1Jg3PRUJ6VTSlMk8NHTJ0OS09n+qPFLdnqwdpNxyw=="
    }
  }
}
